<?xml version="1.0" encoding="utf-8"?>
<Project ToolsVersion="4.0" xmlns="http://schemas.microsoft.com/developer/msbuild/2003">
  <ItemGroup>
    <Filter Include="Source Files">
      <UniqueIdentifier>{4FC737F1-C7A5-4376-A066-2A32D752A2FF}</UniqueIdentifier>
      <Extensions>cpp;c;cc;cxx;c++;cppm;ixx;def;odl;idl;hpj;bat;asm;asmx</Extensions>
    </Filter>
    <Filter Include="window_manager">
      <UniqueIdentifier>{48dbc92d-4523-4bb3-bde2-94428561c3fa}</UniqueIdentifier>
    </Filter>
    <Filter Include="windows">
      <UniqueIdentifier>{243f22a3-6079-4ab6-815c-bc4bbeee6ff3}</UniqueIdentifier>
    </Filter>
    <Filter Include="windows\Statescript">
      <UniqueIdentifier>{38b499dd-525e-488a-834f-2e3ffd2e37fc}</UniqueIdentifier>
    </Filter>
    <Filter Include="windows\STU">
      <UniqueIdentifier>{771b3f77-2bba-4d3f-9fe9-58807f45d205}</UniqueIdentifier>
    </Filter>
  </ItemGroup>
  <ItemGroup>
    <ClInclude Include="window_manager\window_manager.h">
      <Filter>window_manager</Filter>
    </ClInclude>
    <ClInclude Include="windows\imgui_demo_window.h">
      <Filter>windows</Filter>
    </ClInclude>
    <ClInclude Include="window_manager\management_window.h">
      <Filter>window_manager</Filter>
    </ClInclude>
    <ClInclude Include="windows\ini_settings_window.h">
      <Filter>windows</Filter>
    </ClInclude>
    <ClInclude Include="globals.h">
      <Filter>Source Files</Filter>
    </ClInclude>
    <ClInclude Include="ExceptionFormatter.h">
      <Filter>Source Files</Filter>
    </ClInclude>
    <ClInclude Include="framework.h">
      <Filter>Source Files</Filter>
    </ClInclude>
    <ClInclude Include="idadefs.h">
      <Filter>Source Files</Filter>
    </ClInclude>
    <ClInclude Include="lazy_importer.h">
      <Filter>Source Files</Filter>
    </ClInclude>
    <ClInclude Include="pch.h">
      <Filter>Source Files</Filter>
    </ClInclude>
    <ClInclude Include="pe.h">
      <Filter>Source Files</Filter>
    </ClInclude>
    <ClInclude Include="windows\game_data_window.h">
      <Filter>windows</Filter>
    </ClInclude>
    <ClInclude Include="windows\copy_window.h">
      <Filter>windows</Filter>
    </ClInclude>
    <ClInclude Include="windows\message_window.h">
      <Filter>windows</Filter>
    </ClInclude>
    <ClInclude Include="windows\jamprotocol_window.h">
      <Filter>windows</Filter>
    </ClInclude>
    <ClInclude Include="windows\jam_messagedetail_window.h">
      <Filter>windows</Filter>
    </ClInclude>
    <ClInclude Include="JAM.h">
      <Filter>Source Files</Filter>
    </ClInclude>
    <ClInclude Include="windows\example_window.h">
      <Filter>windows</Filter>
    </ClInclude>
    <ClInclude Include="windows\AAA window template.h">
      <Filter>windows</Filter>
    </ClInclude>
    <ClInclude Include="Statescript.h">
      <Filter>Source Files</Filter>
    </ClInclude>
    <ClInclude Include="windows\bitconverter_calls.h">
      <Filter>windows</Filter>
    </ClInclude>
    <ClInclude Include="windows\name_value_struct.h">
      <Filter>windows</Filter>
    </ClInclude>
    <ClInclude Include="game.h">
      <Filter>Source Files</Filter>
    </ClInclude>
    <ClInclude Include="windows\type_7b_strings.h">
      <Filter>windows</Filter>
    </ClInclude>
    <ClInclude Include="stringhash_library.h">
      <Filter>Source Files</Filter>
    </ClInclude>
    <ClInclude Include="windows\hash_display_window.h">
      <Filter>windows</Filter>
    </ClInclude>
    <ClInclude Include="STU.h">
      <Filter>Source Files</Filter>
    </ClInclude>
    <ClInclude Include="windows\STU_Types_window.h">
      <Filter>windows</Filter>
    </ClInclude>
    <ClInclude Include="windows\manager_4_secrets.h">
      <Filter>windows</Filter>
    </ClInclude>
    <ClInclude Include="windows\loadlist_visualizer.h">
      <Filter>windows</Filter>
    </ClInclude>
    <ClInclude Include="windows\manager_infos.h">
      <Filter>windows</Filter>
    </ClInclude>
    <ClInclude Include="filetype_library.h">
      <Filter>Source Files</Filter>
    </ClInclude>
    <ClInclude Include="windows\filetype_window.h">
      <Filter>windows</Filter>
    </ClInclude>
    <ClInclude Include="windows\blizzbbqueueq_window.h">
      <Filter>windows</Filter>
    </ClInclude>
    <ClInclude Include="windows\comments_window.h">
      <Filter>windows</Filter>
    </ClInclude>
    <ClInclude Include="windows\CVD_Edit.h">
      <Filter>windows</Filter>
    </ClInclude>
    <ClInclude Include="Viewmodel.h">
      <Filter>Source Files</Filter>
    </ClInclude>
    <ClInclude Include="windows\logicalbutton_names.h">
      <Filter>windows</Filter>
    </ClInclude>
    <ClInclude Include="windows\entityadmin_window.h">
      <Filter>windows</Filter>
    </ClInclude>
    <ClInclude Include="windows\game_msg_window.h">
      <Filter>windows</Filter>
    </ClInclude>
    <ClInclude Include="windows\entity_window.h">
      <Filter>windows</Filter>
    </ClInclude>
    <ClInclude Include="entity_admin.h">
      <Filter>Source Files</Filter>
    </ClInclude>
    <ClInclude Include="windows\asset_pack_manager.h">
      <Filter>windows</Filter>
    </ClInclude>
    <ClInclude Include="windows\entityadmin_systems_window.h">
      <Filter>windows</Filter>
    </ClInclude>
    <ClInclude Include="windows\viewmodel_viewer.h">
      <Filter>windows</Filter>
    </ClInclude>
    <ClInclude Include="windows\string_rep_edit.h">
      <Filter>windows</Filter>
    </ClInclude>
    <ClInclude Include="windows\viewmodel_selector.h">
      <Filter>windows</Filter>
    </ClInclude>
    <ClInclude Include="windows\viewmodel_write_blocker.h">
      <Filter>windows</Filter>
    </ClInclude>
    <ClInclude Include="windows\entity_spawner.h">
      <Filter>windows</Filter>
    </ClInclude>
    <ClInclude Include="windows\entitydef_explorer.h">
      <Filter>windows</Filter>
    </ClInclude>
    <ClInclude Include="windows\entitydef_list.h">
      <Filter>windows</Filter>
    </ClInclude>
    <ClInclude Include="windows\log_window.h">
      <Filter>windows</Filter>
    </ClInclude>
    <ClInclude Include="windows\player_spawner_deluxe.h">
      <Filter>windows</Filter>
    </ClInclude>
    <ClInclude Include="windows\component_notes.h">
      <Filter>windows</Filter>
    </ClInclude>
    <ClInclude Include="windows\textedit_window.h">
      <Filter>windows</Filter>
    </ClInclude>
    <ClInclude Include="search_helper.h">
      <Filter>Source Files</Filter>
    </ClInclude>
    <ClInclude Include="windows\radio_selector_window.h">
      <Filter>windows</Filter>
    </ClInclude>
    <ClInclude Include="windows\movementsys_editor.h">
      <Filter>windows</Filter>
    </ClInclude>
    <ClInclude Include="statescript_logger.h">
      <Filter>Source Files</Filter>
    </ClInclude>
    <ClInclude Include="imgui_json.h">
      <Filter>Source Files</Filter>
    </ClInclude>
    <ClInclude Include="windows\statescript_fuzzer.h">
      <Filter>windows\Statescript</Filter>
    </ClInclude>
    <ClInclude Include="windows\statescript_graph_window.h">
      <Filter>windows\Statescript</Filter>
    </ClInclude>
    <ClInclude Include="windows\statescript_info.h">
      <Filter>windows\Statescript</Filter>
    </ClInclude>
    <ClInclude Include="windows\statescript_list.h">
      <Filter>windows\Statescript</Filter>
    </ClInclude>
    <ClInclude Include="windows\statescript_log_window.h">
      <Filter>windows\Statescript</Filter>
    </ClInclude>
    <ClInclude Include="windows\statescript_registry.h">
      <Filter>windows\Statescript</Filter>
    </ClInclude>
    <ClInclude Include="windows\statescript_window.h">
      <Filter>windows\Statescript</Filter>
    </ClInclude>
    <ClInclude Include="windows\statescript_varbag_window.h">
      <Filter>windows\Statescript</Filter>
    </ClInclude>
    <ClInclude Include="StatescriptExpressionParser.h">
      <Filter>Source Files</Filter>
    </ClInclude>
    <ClInclude Include="windows\local_player_component_insights.h">
      <Filter>windows</Filter>
    </ClInclude>
    <ClInclude Include="windows\pvpgame_explorer.h">
      <Filter>windows</Filter>
    </ClInclude>
    <ClInclude Include="windows\entityadmin_timing.h">
      <Filter>windows</Filter>
    </ClInclude>
    <ClInclude Include="stu_resources.h">
      <Filter>Source Files</Filter>
    </ClInclude>
    <ClInclude Include="windows\statescript_fake_logicalbtn.h">
      <Filter>windows\Statescript</Filter>
    </ClInclude>
    <ClInclude Include="windows\statescript_node_search.h">
      <Filter>windows\Statescript</Filter>
    </ClInclude>
    <ClInclude Include="windows\cvexpression_viewer.h">
      <Filter>windows\Statescript</Filter>
    </ClInclude>
    <ClInclude Include="windows\CVD_List.h">
      <Filter>windows</Filter>
    </ClInclude>
    <ClInclude Include="windows\CVD_VarbagSelector.h">
      <Filter>windows</Filter>
    </ClInclude>
    <ClInclude Include="hash_exporter.h">
      <Filter>Source Files</Filter>
    </ClInclude>
    <ClInclude Include="windows\stu_bslist_edit.h">
      <Filter>windows\STU</Filter>
    </ClInclude>
    <ClInclude Include="windows\stu_explorer.h">
      <Filter>windows\STU</Filter>
    </ClInclude>
    <ClInclude Include="windows\stu_object_edit.h">
      <Filter>windows\STU</Filter>
    </ClInclude>
    <ClInclude Include="windows\stu_primitive_edit.h">
      <Filter>windows\STU</Filter>
    </ClInclude>
    <ClInclude Include="windows\stu_registry.h">
      <Filter>windows\STU</Filter>
    </ClInclude>
    <ClInclude Include="windows\stu_types.h">
      <Filter>windows\STU</Filter>
    </ClInclude>
    <ClInclude Include="STU_Editable.h">
      <Filter>Source Files</Filter>
    </ClInclude>
    <ClInclude Include="windows\entadmin_compodependencies.h">
      <Filter>windows</Filter>
    </ClInclude>
    <ClInclude Include="StatescriptVar.h">
      <Filter>Source Files</Filter>
    </ClInclude>
    <ClInclude Include="windows\voice_system_triggerer.h">
      <Filter>windows</Filter>
    </ClInclude>
    <ClInclude Include="ImguiRenderer.h">
      <Filter>Source Files</Filter>
    </ClInclude>
    <ClInclude Include="windows\entity_bounds_renderer.h">
      <Filter>windows</Filter>
    </ClInclude>
    <ClInclude Include="player_spawner.h">
      <Filter>Source Files</Filter>
    </ClInclude>
    <ClInclude Include="windows\pachimari_creator.h">
      <Filter>windows</Filter>
    </ClInclude>
    <ClInclude Include="MovementState.h">
      <Filter>Source Files</Filter>
    </ClInclude>
    <ClInclude Include="windows\movstate_visualizer.h">
      <Filter>windows</Filter>
    </ClInclude>
    <ClInclude Include="serialization.h">
      <Filter>Source Files</Filter>
    </ClInclude>
    <ClInclude Include="state_replicator.h">
      <Filter>Source Files</Filter>
    </ClInclude>
    <ClInclude Include="windows\awful_demo_server.h">
      <Filter>windows</Filter>
    </ClInclude>
    <ClInclude Include="windows\lobbymap_tester.h">
      <Filter>windows</Filter>
    </ClInclude>
    <ClInclude Include="windows\freecam_movement_recorder.h">
      <Filter>windows</Filter>
    </ClInclude>
    <ClInclude Include="windows\herolineup_creator.h">
      <Filter>windows</Filter>
    </ClInclude>
  </ItemGroup>
  <ItemGroup>
    <ClCompile Include="dllmain.cpp">
      <Filter>Source Files</Filter>
    </ClCompile>
    <ClCompile Include="pch.cpp">
      <Filter>Source Files</Filter>
    </ClCompile>
    <ClCompile Include="ExceptionFormatter.cpp">
      <Filter>Source Files</Filter>
    </ClCompile>
    <ClCompile Include="window_manager\window_manager.cpp">
      <Filter>window_manager</Filter>
    </ClCompile>
    <ClCompile Include="window_manager\management_window.cpp">
      <Filter>window_manager</Filter>
    </ClCompile>
    <ClCompile Include="globals.cpp">
      <Filter>Source Files</Filter>
    </ClCompile>
    <ClCompile Include="stringhash_library.cpp">
      <Filter>Source Files</Filter>
    </ClCompile>
    <ClCompile Include="ResourceManager.h">
      <Filter>Source Files</Filter>
    </ClCompile>
    <ClCompile Include="filetype_library.cpp">
      <Filter>Source Files</Filter>
    </ClCompile>
    <ClCompile Include="windows\viewmodel_write_blocker.cpp">
      <Filter>windows</Filter>
    </ClCompile>
    <ClCompile Include="STU.cpp">
      <Filter>Source Files</Filter>
    </ClCompile>
    <ClCompile Include="windows\statescript_window.cpp">
      <Filter>windows\Statescript</Filter>
    </ClCompile>
    <ClCompile Include="windows\entity_window.cpp">
      <Filter>windows</Filter>
    </ClCompile>
    <ClCompile Include="windows\statescript_list.cpp">
      <Filter>windows\Statescript</Filter>
    </ClCompile>
    <ClCompile Include="Statescript.cpp">
      <Filter>Source Files</Filter>
    </ClCompile>
    <ClCompile Include="STU_Editable.cpp">
      <Filter>Source Files</Filter>
    </ClCompile>
    <ClCompile Include="entity_admin.cpp">
      <Filter>Source Files</Filter>
    </ClCompile>
    <ClCompile Include="ImguiRenderer.cpp">
      <Filter>Source Files</Filter>
    </ClCompile>
    <ClCompile Include="stu_resources.cpp">
      <Filter>Source Files</Filter>
    </ClCompile>
    <ClCompile Include="windows\stu_explorer.cpp">
      <Filter>windows\STU</Filter>
    </ClCompile>
    <ClCompile Include="player_spawner.cpp">
      <Filter>Source Files</Filter>
    </ClCompile>
    <ClCompile Include="serialization.cpp">
      <Filter>Source Files</Filter>
    </ClCompile>
    <ClCompile Include="state_replicator.cpp">
      <Filter>Source Files</Filter>
    </ClCompile>
  </ItemGroup>
  <ItemGroup>
    <None Include="vcpkg.json" />
    <None Include="packages.config" />
  </ItemGroup>
</Project>